<?xml version="1.0" encoding="utf-8"?>
<Project ToolsVersion="4.0" xmlns="http://schemas.microsoft.com/developer/msbuild/2003">
  <ItemGroup>
    <Filter Include="Source Files">
      <UniqueIdentifier>{4FC737F1-C7A5-4376-A066-2A32D752A2FF}</UniqueIdentifier>
      <Extensions>cpp;c;cc;cxx;def;odl;idl;hpj;bat;asm;asmx</Extensions>
    </Filter>
    <Filter Include="Header Files">
      <UniqueIdentifier>{93995380-89BD-4b04-88EB-625FBE52EBFB}</UniqueIdentifier>
      <Extensions>h;hpp;hxx;hm;inl;inc;xsd</Extensions>
    </Filter>
    <Filter Include="Resource Files">
      <UniqueIdentifier>{67DA6AB6-F800-4c08-8B7A-83BB121AAD01}</UniqueIdentifier>
      <Extensions>rc;ico;cur;bmp;dlg;rc2;rct;bin;rgs;gif;jpg;jpeg;jpe;resx;tiff;tif;png;wav;mfcribbon-ms</Extensions>
    </Filter>
    <Filter Include="Source Files\GameStates">
      <UniqueIdentifier>{7775cdfc-8e67-4938-9a78-e4bcd68cab27}</UniqueIdentifier>
    </Filter>
    <Filter Include="Source Files\GameStates\StateFramework">
      <UniqueIdentifier>{fe388c81-f51b-4f74-bfff-61676f00ecd4}</UniqueIdentifier>
    </Filter>
    <Filter Include="Source Files\GameStates\States">
      <UniqueIdentifier>{a26a8115-37f4-436e-8396-cd8195fbea3f}</UniqueIdentifier>
    </Filter>
    <Filter Include="Source Files\GameWorld">
      <UniqueIdentifier>{45f81ee2-8ee8-487a-9ea5-d35d33865e2c}</UniqueIdentifier>
    </Filter>
    <Filter Include="Source Files\GameWorld\Cities">
      <UniqueIdentifier>{264bb683-165d-49ca-b735-496475fa4ea5}</UniqueIdentifier>
    </Filter>
    <Filter Include="Source Files\GUI">
      <UniqueIdentifier>{0c84d3de-9f08-443a-9892-0f3ebd34a0a2}</UniqueIdentifier>
    </Filter>
    <Filter Include="Source Files\HUD">
      <UniqueIdentifier>{494227e0-5854-4460-994c-c45a4c09370c}</UniqueIdentifier>
    </Filter>
    <Filter Include="Source Files\SDL">
      <UniqueIdentifier>{1f2011b0-78a2-44c5-b4a3-874ae33d10d4}</UniqueIdentifier>
    </Filter>
    <Filter Include="Source Files\SubSystems">
      <UniqueIdentifier>{60396c4d-1fa5-4e0c-a984-e6783eccc7b8}</UniqueIdentifier>
    </Filter>
    <Filter Include="Source Files\Systems">
      <UniqueIdentifier>{4c4542ec-9bb4-4b72-b3aa-9b32ddee2340}</UniqueIdentifier>
    </Filter>
    <Filter Include="Source Files\HUD\HUDComponents">
      <UniqueIdentifier>{e3c2b358-bdd5-4beb-9c78-56feb01e9ee9}</UniqueIdentifier>
    </Filter>
    <Filter Include="Source Files\ECSFramework">
      <UniqueIdentifier>{0db11223-e0c0-4e0d-bb5a-a1dce5bf0410}</UniqueIdentifier>
    </Filter>
    <Filter Include="Header Files\ECSFramework">
      <UniqueIdentifier>{f9889e77-b7ba-4303-ad64-d072c5f69c4d}</UniqueIdentifier>
    </Filter>
    <Filter Include="Header Files\GameStates">
      <UniqueIdentifier>{298233d7-f86b-4ba8-935b-dc7e38dee5bc}</UniqueIdentifier>
    </Filter>
    <Filter Include="Header Files\GameWorld">
      <UniqueIdentifier>{0cb591da-5339-47fc-a48d-6bc666980293}</UniqueIdentifier>
    </Filter>
    <Filter Include="Header Files\GUI">
      <UniqueIdentifier>{0603bac5-9678-40f3-80e3-faa8115b3f9c}</UniqueIdentifier>
    </Filter>
    <Filter Include="Header Files\HUD">
      <UniqueIdentifier>{a054f8ee-77c1-4035-ad03-dec6e677a3a5}</UniqueIdentifier>
    </Filter>
    <Filter Include="Header Files\SDL">
      <UniqueIdentifier>{25efe5c4-15f5-48a8-a61d-6489d8695b7f}</UniqueIdentifier>
    </Filter>
    <Filter Include="Header Files\SubSystems">
      <UniqueIdentifier>{1ab6f22d-820c-4ea3-bb6a-59062e244602}</UniqueIdentifier>
    </Filter>
    <Filter Include="Header Files\Systems">
      <UniqueIdentifier>{c16354c6-b89d-4f32-8470-f8c47fda30b5}</UniqueIdentifier>
    </Filter>
    <Filter Include="Header Files\GameStates\States">
      <UniqueIdentifier>{51215a40-3a7b-4d98-8a04-e87aaeda55fd}</UniqueIdentifier>
    </Filter>
    <Filter Include="Header Files\GameStates\StateFramework">
      <UniqueIdentifier>{730b2f36-89a8-4237-a5c4-91804a9eaf58}</UniqueIdentifier>
    </Filter>
    <Filter Include="Header Files\GameWorld\Cities">
      <UniqueIdentifier>{9f68b4f4-a8ba-4b2e-93aa-ddb51728c8ce}</UniqueIdentifier>
    </Filter>
    <Filter Include="Header Files\HUD\HUDComponents">
      <UniqueIdentifier>{d28af498-8203-4294-8058-1f5572978b6d}</UniqueIdentifier>
    </Filter>
    <Filter Include="Header Files\Components">
      <UniqueIdentifier>{5d7a4a43-e19f-43f0-b18d-14adaff2ee90}</UniqueIdentifier>
    </Filter>
    <Filter Include="Source Files\GUI\GUIComponents">
      <UniqueIdentifier>{0c194794-b4ef-447c-8035-b854868bffa3}</UniqueIdentifier>
    </Filter>
    <Filter Include="Header Files\GUI\GUIComponents">
      <UniqueIdentifier>{44307014-93bd-49a0-98b7-3f6614d0a6ff}</UniqueIdentifier>
    </Filter>
    <Filter Include="Header Files\Config">
      <UniqueIdentifier>{a0ca4e74-9c4c-4571-86b9-324c34796c28}</UniqueIdentifier>
    </Filter>
    <Filter Include="Source Files\GameWorld\Lore">
      <UniqueIdentifier>{8cf31425-a8f4-4e19-b57b-176f99a0d3a5}</UniqueIdentifier>
    </Filter>
    <Filter Include="Header Files\GameWorld\Lore">
      <UniqueIdentifier>{e0823b5f-4f19-4fc4-9463-4df35116b1a1}</UniqueIdentifier>
    </Filter>
    <Filter Include="Header Files\Utilities">
      <UniqueIdentifier>{e503093f-3002-458f-9c53-5628cd7cc191}</UniqueIdentifier>
    </Filter>
    <Filter Include="Source Files\Utilities">
      <UniqueIdentifier>{576d54b0-cd29-4913-b24d-8c19fa6ba213}</UniqueIdentifier>
    </Filter>
    <Filter Include="Header Files\GameMechanics">
      <UniqueIdentifier>{fbf52706-1338-4e76-93d2-5932dbca502a}</UniqueIdentifier>
    </Filter>
    <Filter Include="Source Files\Config">
      <UniqueIdentifier>{aa4b7004-a3df-4c61-bfb8-d30a8d299019}</UniqueIdentifier>
    </Filter>
  </ItemGroup>
  <ItemGroup>
    <ClCompile Include="..\..\..\include\Components\CollisionCallbacks.cpp">
      <Filter>Source Files\Config</Filter>
    </ClCompile>
    <ClCompile Include="..\..\..\src\ECSFramework\ECSManager.cpp">
      <Filter>Source Files\ECSFramework</Filter>
    </ClCompile>
    <ClCompile Include="..\..\..\src\ECSFramework\EntityManager.cpp">
      <Filter>Source Files\ECSFramework</Filter>
    </ClCompile>
    <ClCompile Include="..\..\..\src\ECSFramework\ObjectManager.cpp">
      <Filter>Source Files\ECSFramework</Filter>
    </ClCompile>
    <ClCompile Include="..\..\..\src\ECSFramework\System.cpp">
      <Filter>Source Files\ECSFramework</Filter>
    </ClCompile>
    <ClCompile Include="..\..\..\src\ECSFramework\SystemManager.cpp">
      <Filter>Source Files\ECSFramework</Filter>
    </ClCompile>
    <ClCompile Include="..\..\..\src\GameStates\StateFramework\GameStateManager.cpp">
      <Filter>Source Files\GameStates\StateFramework</Filter>
    </ClCompile>
    <ClCompile Include="..\..\..\src\GameStates\States\GameRunningState.cpp">
      <Filter>Source Files\GameStates\States</Filter>
    </ClCompile>
    <ClCompile Include="..\..\..\src\GameStates\States\MainMenuState.cpp">
      <Filter>Source Files\GameStates\States</Filter>
    </ClCompile>
    <ClCompile Include="..\..\..\src\GameWorld\Cities\City.cpp">
      <Filter>Source Files\GameWorld\Cities</Filter>
    </ClCompile>
    <ClCompile Include="..\..\..\src\GameWorld\Cities\CityManager.cpp">
      <Filter>Source Files\GameWorld\Cities</Filter>
    </ClCompile>
    <ClCompile Include="..\..\..\src\GameWorld\Lore\Pantheon.cpp">
      <Filter>Source Files\GameWorld\Lore</Filter>
    </ClCompile>
    <ClCompile Include="..\..\..\src\GameWorld\Lore\LoreBuilder.cpp">
      <Filter>Source Files\GameWorld\Lore</Filter>
    </ClCompile>
    <ClCompile Include="..\..\..\src\GameWorld\Camera.cpp">
      <Filter>Source Files\GameWorld</Filter>
    </ClCompile>
    <ClCompile Include="..\..\..\src\GameWorld\GameWorld.cpp">
      <Filter>Source Files\GameWorld</Filter>
    </ClCompile>
    <ClCompile Include="..\..\..\src\GameWorld\TileMap.cpp">
      <Filter>Source Files\GameWorld</Filter>
    </ClCompile>
    <ClCompile Include="..\..\..\src\GUI\GUIComponents\GUIComponent.cpp">
      <Filter>Source Files\GUI\GUIComponents</Filter>
    </ClCompile>
    <ClCompile Include="..\..\..\src\GUI\GUIComponents\GUIWindow.cpp">
      <Filter>Source Files\GUI\GUIComponents</Filter>
    </ClCompile>
    <ClCompile Include="..\..\..\src\GUI\GUIManager.cpp">
      <Filter>Source Files\GUI</Filter>
    </ClCompile>
    <ClCompile Include="..\..\..\src\HUD\HUDComponents\FillBar.cpp">
      <Filter>Source Files\HUD\HUDComponents</Filter>
    </ClCompile>
    <ClCompile Include="..\..\..\src\HUD\HUDManager.cpp">
      <Filter>Source Files\HUD</Filter>
    </ClCompile>
    <ClCompile Include="..\..\..\src\SDL\SDLManager.cpp">
      <Filter>Source Files\SDL</Filter>
    </ClCompile>
    <ClCompile Include="..\..\..\src\SDL\TextureManager.cpp">
      <Filter>Source Files\SDL</Filter>
    </ClCompile>
    <ClCompile Include="..\..\..\src\SDL\Texture.cpp">
      <Filter>Source Files\SDL</Filter>
    </ClCompile>
    <ClCompile Include="..\..\..\src\SubSystems\MonsterSpawner.cpp">
      <Filter>Source Files\SubSystems</Filter>
    </ClCompile>
    <ClCompile Include="..\..\..\src\Systems\RenderSystem.cpp">
      <Filter>Source Files\Systems</Filter>
    </ClCompile>
    <ClCompile Include="..\..\..\src\Systems\ShootingSystem.cpp">
      <Filter>Source Files\Systems</Filter>
    </ClCompile>
    <ClCompile Include="..\..\..\src\Systems\ProcessingSystem.cpp">
      <Filter>Source Files\Systems</Filter>
    </ClCompile>
    <ClCompile Include="..\..\..\src\Systems\PlayerTargetingSystem.cpp">
      <Filter>Source Files\Systems</Filter>
    </ClCompile>
    <ClCompile Include="..\..\..\src\Systems\MovementSystem.cpp">
      <Filter>Source Files\Systems</Filter>
    </ClCompile>
    <ClCompile Include="..\..\..\src\Systems\InputSystem.cpp">
      <Filter>Source Files\Systems</Filter>
    </ClCompile>
    <ClCompile Include="..\..\..\src\Systems\CollisionSystem.cpp">
      <Filter>Source Files\Systems</Filter>
    </ClCompile>
    <ClCompile Include="..\..\..\src\Systems\CameraSystem.cpp">
      <Filter>Source Files\Systems</Filter>
    </ClCompile>
    <ClCompile Include="..\..\..\src\Systems\TriggeredSystem.cpp">
      <Filter>Source Files\Systems</Filter>
    </ClCompile>
    <ClCompile Include="..\..\..\src\Utilities\SparseGrid.cpp">
      <Filter>Source Files\Utilities</Filter>
    </ClCompile>
    <ClCompile Include="..\..\..\src\Utilities\QuadTree.cpp">
      <Filter>Source Files\Utilities</Filter>
    </ClCompile>
    <ClCompile Include="..\..\..\src\Utilities\MarkovChain.cpp">
      <Filter>Source Files\Utilities</Filter>
    </ClCompile>
    <ClCompile Include="..\..\..\src\main.cpp">
      <Filter>Source Files</Filter>
    </ClCompile>
  </ItemGroup>
  <ItemGroup>
    <ClInclude Include="..\..\..\include\Components\AngleComponent.h">
      <Filter>Header Files\Components</Filter>
    </ClInclude>
    <ClInclude Include="..\..\..\include\Components\BoundingRectangleComponent.h">
      <Filter>Header Files\Components</Filter>
    </ClInclude>
    <ClInclude Include="..\..\..\include\Components\ItemStatsComponent.h">
      <Filter>Header Files\Components</Filter>
    </ClInclude>
    <ClInclude Include="..\..\..\include\Components\InventoryComponent.h">
      <Filter>Header Files\Components</Filter>
    </ClInclude>
    <ClInclude Include="..\..\..\include\Components\InputComponent.h">
      <Filter>Header Files\Components</Filter>
    </ClInclude>
    <ClInclude Include="..\..\..\include\Components\PositionComponent.h">
      <Filter>Header Files\Components</Filter>
    </ClInclude>
    <ClInclude Include="..\..\..\include\Components\RPGStatsComponent.h">
      <Filter>Header Files\Components</Filter>
    </ClInclude>
    <ClInclude Include="..\..\..\include\Components\ShootingComponent.h">
      <Filter>Header Files\Components</Filter>
    </ClInclude>
    <ClInclude Include="..\..\..\include\Components\TargetingComponent.h">
      <Filter>Header Files\Components</Filter>
    </ClInclude>
    <ClInclude Include="..\..\..\include\Components\VelocityComponent.h">
      <Filter>Header Files\Components</Filter>
    </ClInclude>
    <ClInclude Include="..\..\..\include\Components\CollisionCallbacks.h">
      <Filter>Header Files\Config</Filter>
    </ClInclude>
    <ClInclude Include="..\..\..\include\Config\ComponentDefines.h">
      <Filter>Header Files\Config</Filter>
    </ClInclude>
    <ClInclude Include="..\..\..\include\ECSFramework\Component.h">
      <Filter>Header Files\ECSFramework</Filter>
    </ClInclude>
    <ClInclude Include="..\..\..\include\ECSFramework\ECSManager.h">
      <Filter>Header Files\ECSFramework</Filter>
    </ClInclude>
    <ClInclude Include="..\..\..\include\ECSFramework\EntityManager.h">
      <Filter>Header Files\ECSFramework</Filter>
    </ClInclude>
    <ClInclude Include="..\..\..\include\ECSFramework\ObjectManager.h">
      <Filter>Header Files\ECSFramework</Filter>
    </ClInclude>
    <ClInclude Include="..\..\..\include\ECSFramework\System.h">
      <Filter>Header Files\ECSFramework</Filter>
    </ClInclude>
    <ClInclude Include="..\..\..\include\ECSFramework\SystemManager.h">
      <Filter>Header Files\ECSFramework</Filter>
    </ClInclude>
    <ClInclude Include="..\..\..\include\GameMechanics\Buffs.h">
      <Filter>Header Files\GameMechanics</Filter>
    </ClInclude>
    <ClInclude Include="..\..\..\include\GameStates\StateFramework\GameState.h">
      <Filter>Header Files\GameStates\StateFramework</Filter>
    </ClInclude>
    <ClInclude Include="..\..\..\include\GameStates\StateFramework\GameStateManager.h">
      <Filter>Header Files\GameStates\StateFramework</Filter>
    </ClInclude>
    <ClInclude Include="..\..\..\include\GameStates\States\GameRunningState.h">
      <Filter>Header Files\GameStates\States</Filter>
    </ClInclude>
    <ClInclude Include="..\..\..\include\GameStates\States\MainMenuState.h">
      <Filter>Header Files\GameStates\States</Filter>
    </ClInclude>
    <ClInclude Include="..\..\..\include\GameWorld\Cities\CityManager.h">
      <Filter>Header Files\GameWorld\Cities</Filter>
    </ClInclude>
    <ClInclude Include="..\..\..\include\GameWorld\Cities\City.h">
      <Filter>Header Files\GameWorld\Cities</Filter>
    </ClInclude>
    <ClInclude Include="..\..\..\include\GameWorld\Lore\Pantheon.h">
      <Filter>Header Files\GameWorld\Lore</Filter>
    </ClInclude>
    <ClInclude Include="..\..\..\include\GameWorld\Lore\LoreBuilder.h">
      <Filter>Header Files\GameWorld\Lore</Filter>
    </ClInclude>
    <ClInclude Include="..\..\..\include\GUI\GUIComponents\GUIComponent.h">
      <Filter>Header Files\GUI\GUIComponents</Filter>
    </ClInclude>
    <ClInclude Include="..\..\..\include\GUI\GUIComponents\GUIWindow.h">
      <Filter>Header Files\GUI\GUIComponents</Filter>
    </ClInclude>
    <ClInclude Include="..\..\..\include\GUI\GUIManager.h">
      <Filter>Header Files\GUI</Filter>
    </ClInclude>
    <ClInclude Include="..\..\..\include\HUD\HUDComponents\HUDComponent.h">
      <Filter>Header Files\HUD\HUDComponents</Filter>
    </ClInclude>
    <ClInclude Include="..\..\..\include\HUD\HUDComponents\FillBar.h">
      <Filter>Header Files\HUD\HUDComponents</Filter>
    </ClInclude>
    <ClInclude Include="..\..\..\include\HUD\HUDManager.h">
      <Filter>Header Files\HUD</Filter>
    </ClInclude>
    <ClInclude Include="..\..\..\include\SDL\SDLManager.h">
      <Filter>Header Files\SDL</Filter>
    </ClInclude>
    <ClInclude Include="..\..\..\include\SDL\Texture.h">
      <Filter>Header Files\SDL</Filter>
    </ClInclude>
    <ClInclude Include="..\..\..\include\SDL\TextureManager.h">
      <Filter>Header Files\SDL</Filter>
    </ClInclude>
    <ClInclude Include="..\..\..\include\SubSystems\MonsterSpawner.h">
      <Filter>Header Files\SubSystems</Filter>
    </ClInclude>
    <ClInclude Include="..\..\..\include\Systems\MovementSystem.h">
      <Filter>Header Files\Systems</Filter>
    </ClInclude>
    <ClInclude Include="..\..\..\include\Systems\PlayerTargetingSystem.h">
      <Filter>Header Files\Systems</Filter>
    </ClInclude>
    <ClInclude Include="..\..\..\include\Systems\ProcessingSystem.h">
      <Filter>Header Files\Systems</Filter>
    </ClInclude>
    <ClInclude Include="..\..\..\include\Systems\InputSystem.h">
      <Filter>Header Files\Systems</Filter>
    </ClInclude>
    <ClInclude Include="..\..\..\include\Systems\CollisionSystem.h">
      <Filter>Header Files\Systems</Filter>
    </ClInclude>
    <ClInclude Include="..\..\..\include\Systems\CameraSystem.h">
      <Filter>Header Files\Systems</Filter>
    </ClInclude>
    <ClInclude Include="..\..\..\include\Systems\ShootingSystem.h">
      <Filter>Header Files\Systems</Filter>
    </ClInclude>
    <ClInclude Include="..\..\..\include\Systems\RenderSystem.h">
      <Filter>Header Files\Systems</Filter>
    </ClInclude>
    <ClInclude Include="..\..\..\include\Systems\TriggeredSystem.h">
      <Filter>Header Files\Systems</Filter>
    </ClInclude>
    <ClInclude Include="..\..\..\include\Utilities\MarkovChain.h">
      <Filter>Header Files\Utilities</Filter>
    </ClInclude>
    <ClInclude Include="..\..\..\include\Utilities\QuadTree.h">
      <Filter>Header Files\Utilities</Filter>
    </ClInclude>
    <ClInclude Include="..\..\..\include\Utilities\SparseGrid.h">
      <Filter>Header Files\Utilities</Filter>
    </ClInclude>
    <ClInclude Include="..\..\..\include\Utilities\UtilityStructures.h">
      <Filter>Header Files\Utilities</Filter>
    </ClInclude>
    <ClInclude Include="..\..\..\include\GameWorld\Camera.h">
      <Filter>Header Files\GameWorld</Filter>
    </ClInclude>
    <ClInclude Include="..\..\..\include\GameWorld\GameWorld.h">
      <Filter>Header Files\GameWorld</Filter>
    </ClInclude>
    <ClInclude Include="..\..\..\include\GameWorld\Tile.h">
      <Filter>Header Files\GameWorld</Filter>
    </ClInclude>
    <ClInclude Include="..\..\..\include\GameWorld\TileMap.h">
      <Filter>Header Files\GameWorld</Filter>
    </ClInclude>
    <ClInclude Include="..\..\..\include\Components\RenderComponent.h">
      <Filter>Header Files\Components</Filter>
    </ClInclude>
    <ClInclude Include="..\..\..\include\Components\CollisionComponent.h">
      <Filter>Header Files\Components</Filter>
    </ClInclude>
  </ItemGroup>
  <ItemGroup>
    <Text Include="ComponentIDs.txt">
      <Filter>Source Files</Filter>
    </Text>
    <Text Include="Readme.txt">
      <Filter>Source Files</Filter>
    </Text>
  </ItemGroup>
</Project>